
Microsoft Visual Studio Solution File, Format Version 12.00
# Visual Studio Version 17
VisualStudioVersion = 17.13.35828.75
MinimumVisualStudioVersion = 10.0.40219.1
Project("{FAE04EC0-301F-11D3-BF4B-00C04F79EFBC}") = "HarvestHub.Services.Fields.Api", "src\HarvestHub.Services.Fields.Api\HarvestHub.Services.Fields.Api.csproj", "{E2CCCD54-5F7D-8D88-20A3-25157566D4D6}"
EndProject
Project("{FAE04EC0-301F-11D3-BF4B-00C04F79EFBC}") = "HarvestHub.Services.Fields.Application", "src\HarvestHub.Services.Fields.Application\HarvestHub.Services.Fields.Application.csproj", "{6D7C778A-FEE8-E449-6D53-8C014B739FA9}"
EndProject
Project("{FAE04EC0-301F-11D3-BF4B-00C04F79EFBC}") = "HarvestHub.Services.Fields.Infrastructure", "src\HarvestHub.Services.Fields.Infrastructure\HarvestHub.Services.Fields.Infrastructure.csproj", "{01FC2E13-5C64-2BC0-7BFF-8941C90AF108}"
EndProject
Project("{FAE04EC0-301F-11D3-BF4B-00C04F79EFBC}") = "HarvestHub.Services.Fields.Core", "src\HarvestHub.Services.Fields.Core\HarvestHub.Services.Fields.Core.csproj", "{FF9B844D-E8C1-967B-DFED-349D2997B495}"
EndProject
Project("{FAE04EC0-301F-11D3-BF4B-00C04F79EFBC}") = "HarvestHub.Services.Fields.Host", "src\HarvestHub.Services.Fields.Host\HarvestHub.Services.Fields.Host.csproj", "{754BEEC1-FF76-F35A-8465-BA77B3328153}"
EndProject
Project("{FAE04EC0-301F-11D3-BF4B-00C04F79EFBC}") = "HarvestHub.Services.Notifications.Shared", "src\HarvestHub.Services.Notifications.Shared\HarvestHub.Services.Notifications.Shared.csproj", "{CC7838D8-0C74-6FDE-D56C-8347205ED462}"
EndProject
Project("{FAE04EC0-301F-11D3-BF4B-00C04F79EFBC}") = "HarvestHub.Services.Users.Shared", "src\HarvestHub.Services.Users.Shared\HarvestHub.Services.Users.Shared.csproj", "{7B2A2746-585C-3070-4277-DFBD422D9F33}"
EndProject
Project("{FAE04EC0-301F-11D3-BF4B-00C04F79EFBC}") = "HarvestHub.Services.Fields.Shared", "src\HarvestHub.Services.Fields.Shared\HarvestHub.Services.Fields.Shared.csproj", "{53C40ACF-8CA4-CAFD-CC58-48ED8EFC2A3A}"
EndProject
Project("{FAE04EC0-301F-11D3-BF4B-00C04F79EFBC}") = "HarvestHub.Services.CultivationHistory.Contracts", "HarvestHub.Services.CultivationHistory.Contracts\HarvestHub.Services.CultivationHistory.Contracts.csproj", "{0DE0752D-68AE-4C2E-A8DD-7D934560C9DF}"
EndProject
Global
	GlobalSection(SolutionConfigurationPlatforms) = preSolution
		Debug|Any CPU = Debug|Any CPU
		Release|Any CPU = Release|Any CPU
	EndGlobalSection
	GlobalSection(ProjectConfigurationPlatforms) = postSolution
		{E2CCCD54-5F7D-8D88-20A3-25157566D4D6}.Debug|Any CPU.ActiveCfg = Debug|Any CPU
		{E2CCCD54-5F7D-8D88-20A3-25157566D4D6}.Debug|Any CPU.Build.0 = Debug|Any CPU
		{E2CCCD54-5F7D-8D88-20A3-25157566D4D6}.Release|Any CPU.ActiveCfg = Release|Any CPU
		{E2CCCD54-5F7D-8D88-20A3-25157566D4D6}.Release|Any CPU.Build.0 = Release|Any CPU
		{6D7C778A-FEE8-E449-6D53-8C014B739FA9}.Debug|Any CPU.ActiveCfg = Debug|Any CPU
		{6D7C778A-FEE8-E449-6D53-8C014B739FA9}.Debug|Any CPU.Build.0 = Debug|Any CPU
		{6D7C778A-FEE8-E449-6D53-8C014B739FA9}.Release|Any CPU.ActiveCfg = Release|Any CPU
		{6D7C778A-FEE8-E449-6D53-8C014B739FA9}.Release|Any CPU.Build.0 = Release|Any CPU
		{01FC2E13-5C64-2BC0-7BFF-8941C90AF108}.Debug|Any CPU.ActiveCfg = Debug|Any CPU
		{01FC2E13-5C64-2BC0-7BFF-8941C90AF108}.Debug|Any CPU.Build.0 = Debug|Any CPU
		{01FC2E13-5C64-2BC0-7BFF-8941C90AF108}.Release|Any CPU.ActiveCfg = Release|Any CPU
		{01FC2E13-5C64-2BC0-7BFF-8941C90AF108}.Release|Any CPU.Build.0 = Release|Any CPU
		{FF9B844D-E8C1-967B-DFED-349D2997B495}.Debug|Any CPU.ActiveCfg = Debug|Any CPU
		{FF9B844D-E8C1-967B-DFED-349D2997B495}.Debug|Any CPU.Build.0 = Debug|Any CPU
		{FF9B844D-E8C1-967B-DFED-349D2997B495}.Release|Any CPU.ActiveCfg = Release|Any CPU
		{FF9B844D-E8C1-967B-DFED-349D2997B495}.Release|Any CPU.Build.0 = Release|Any CPU
		{754BEEC1-FF76-F35A-8465-BA77B3328153}.Debug|Any CPU.ActiveCfg = Debug|Any CPU
		{754BEEC1-FF76-F35A-8465-BA77B3328153}.Debug|Any CPU.Build.0 = Debug|Any CPU
		{754BEEC1-FF76-F35A-8465-BA77B3328153}.Release|Any CPU.ActiveCfg = Release|Any CPU
		{754BEEC1-FF76-F35A-8465-BA77B3328153}.Release|Any CPU.Build.0 = Release|Any CPU
		{CC7838D8-0C74-6FDE-D56C-8347205ED462}.Debug|Any CPU.ActiveCfg = Debug|Any CPU
		{CC7838D8-0C74-6FDE-D56C-8347205ED462}.Debug|Any CPU.Build.0 = Debug|Any CPU
		{CC7838D8-0C74-6FDE-D56C-8347205ED462}.Release|Any CPU.ActiveCfg = Release|Any CPU
		{CC7838D8-0C74-6FDE-D56C-8347205ED462}.Release|Any CPU.Build.0 = Release|Any CPU
		{7B2A2746-585C-3070-4277-DFBD422D9F33}.Debug|Any CPU.ActiveCfg = Debug|Any CPU
		{7B2A2746-585C-3070-4277-DFBD422D9F33}.Debug|Any CPU.Build.0 = Debug|Any CPU
		{7B2A2746-585C-3070-4277-DFBD422D9F33}.Release|Any CPU.ActiveCfg = Release|Any CPU
		{7B2A2746-585C-3070-4277-DFBD422D9F33}.Release|Any CPU.Build.0 = Release|Any CPU
		{53C40ACF-8CA4-CAFD-CC58-48ED8EFC2A3A}.Debug|Any CPU.ActiveCfg = Debug|Any CPU
		{53C40ACF-8CA4-CAFD-CC58-48ED8EFC2A3A}.Debug|Any CPU.Build.0 = Debug|Any CPU
		{53C40ACF-8CA4-CAFD-CC58-48ED8EFC2A3A}.Release|Any CPU.ActiveCfg = Release|Any CPU
		{53C40ACF-8CA4-CAFD-CC58-48ED8EFC2A3A}.Release|Any CPU.Build.0 = Release|Any CPU
		{0DE0752D-68AE-4C2E-A8DD-7D934560C9DF}.Debug|Any CPU.ActiveCfg = Debug|Any CPU
		{0DE0752D-68AE-4C2E-A8DD-7D934560C9DF}.Debug|Any CPU.Build.0 = Debug|Any CPU
		{0DE0752D-68AE-4C2E-A8DD-7D934560C9DF}.Release|Any CPU.ActiveCfg = Release|Any CPU
		{0DE0752D-68AE-4C2E-A8DD-7D934560C9DF}.Release|Any CPU.Build.0 = Release|Any CPU
	EndGlobalSection
	GlobalSection(SolutionProperties) = preSolution
		HideSolutionNode = FALSE
	EndGlobalSection
	GlobalSection(ExtensibilityGlobals) = postSolution
		SolutionGuid = {D703A971-94E0-4F9E-8AC6-12C174F8C404}
	EndGlobalSection
EndGlobal
